// !$*UTF8*$!
{
	archiveVersion = 1;
	classes = {
	};
	objectVersion = 50;
	objects = {

/* Begin PBXBuildFile section */
		595B039721FDDF7F00DD4D68 /* AppDelegate.swift in Sources */ = {isa = PBXBuildFile; fileRef = 595B039621FDDF7F00DD4D68 /* AppDelegate.swift */; };
		595B039921FDDF7F00DD4D68 /* ViewController.swift in Sources */ = {isa = PBXBuildFile; fileRef = 595B039821FDDF7F00DD4D68 /* ViewController.swift */; };
		595B039C21FDDF7F00DD4D68 /* Main.storyboard in Resources */ = {isa = PBXBuildFile; fileRef = 595B039A21FDDF7F00DD4D68 /* Main.storyboard */; };
		595B039E21FDDF8000DD4D68 /* Assets.xcassets in Resources */ = {isa = PBXBuildFile; fileRef = 595B039D21FDDF8000DD4D68 /* Assets.xcassets */; };
		595B03A121FDDF8000DD4D68 /* LaunchScreen.storyboard in Resources */ = {isa = PBXBuildFile; fileRef = 595B039F21FDDF8000DD4D68 /* LaunchScreen.storyboard */; };
		595B03A921FDF37A00DD4D68 /* MainTableViewCell.swift in Sources */ = {isa = PBXBuildFile; fileRef = 595B03A821FDF37A00DD4D68 /* MainTableViewCell.swift */; };
		595B03AB21FDF76A00DD4D68 /* CollectionViewCell1.swift in Sources */ = {isa = PBXBuildFile; fileRef = 595B03AA21FDF76A00DD4D68 /* CollectionViewCell1.swift */; };
		595B03AD21FE0AFA00DD4D68 /* TableViewCell2.swift in Sources */ = {isa = PBXBuildFile; fileRef = 595B03AC21FE0AFA00DD4D68 /* TableViewCell2.swift */; };
		595B03AF21FE0C6900DD4D68 /* CollectionViewCell2.swift in Sources */ = {isa = PBXBuildFile; fileRef = 595B03AE21FE0C6900DD4D68 /* CollectionViewCell2.swift */; };
		59BA6C6921FE84E3001AF2B1 /* TableViewCell3.swift in Sources */ = {isa = PBXBuildFile; fileRef = 59BA6C6821FE84E3001AF2B1 /* TableViewCell3.swift */; };
		59BA6C6B21FE8504001AF2B1 /* CollectionViewCell3.swift in Sources */ = {isa = PBXBuildFile; fileRef = 59BA6C6A21FE8504001AF2B1 /* CollectionViewCell3.swift */; };
		59BA6C6D21FEC01C001AF2B1 /* Data.swift in Sources */ = {isa = PBXBuildFile; fileRef = 59BA6C6C21FEC01C001AF2B1 /* Data.swift */; };
		59BA6C6F21FF05C7001AF2B1 /* YellowViewController.swift in Sources */ = {isa = PBXBuildFile; fileRef = 59BA6C6E21FF05C7001AF2B1 /* YellowViewController.swift */; };
		59BA6C75220076C9001AF2B1 /* TempViewController.swift in Sources */ = {isa = PBXBuildFile; fileRef = 59BA6C74220076C9001AF2B1 /* TempViewController.swift */; };
/* End PBXBuildFile section */

/* Begin PBXFileReference section */
		595B039321FDDF7F00DD4D68 /* collectionviews_in_tableview.app */ = {isa = PBXFileReference; explicitFileType = wrapper.application; includeInIndex = 0; path = collectionviews_in_tableview.app; sourceTree = BUILT_PRODUCTS_DIR; };
		595B039621FDDF7F00DD4D68 /* AppDelegate.swift */ = {isa = PBXFileReference; lastKnownFileType = sourcecode.swift; path = AppDelegate.swift; sourceTree = "<group>"; };
		595B039821FDDF7F00DD4D68 /* ViewController.swift */ = {isa = PBXFileReference; lastKnownFileType = sourcecode.swift; path = ViewController.swift; sourceTree = "<group>"; };
		595B039B21FDDF7F00DD4D68 /* Base */ = {isa = PBXFileReference; lastKnownFileType = file.storyboard; name = Base; path = Base.lproj/Main.storyboard; sourceTree = "<group>"; };
		595B039D21FDDF8000DD4D68 /* Assets.xcassets */ = {isa = PBXFileReference; lastKnownFileType = folder.assetcatalog; path = Assets.xcassets; sourceTree = "<group>"; };
		595B03A021FDDF8000DD4D68 /* Base */ = {isa = PBXFileReference; lastKnownFileType = file.storyboard; name = Base; path = Base.lproj/LaunchScreen.storyboard; sourceTree = "<group>"; };
		595B03A221FDDF8000DD4D68 /* Info.plist */ = {isa = PBXFileReference; lastKnownFileType = text.plist.xml; path = Info.plist; sourceTree = "<group>"; };
		595B03A821FDF37A00DD4D68 /* MainTableViewCell.swift */ = {isa = PBXFileReference; lastKnownFileType = sourcecode.swift; path = MainTableViewCell.swift; sourceTree = "<group>"; };
		595B03AA21FDF76A00DD4D68 /* CollectionViewCell1.swift */ = {isa = PBXFileReference; lastKnownFileType = sourcecode.swift; path = CollectionViewCell1.swift; sourceTree = "<group>"; };
		595B03AC21FE0AFA00DD4D68 /* TableViewCell2.swift */ = {isa = PBXFileReference; lastKnownFileType = sourcecode.swift; path = TableViewCell2.swift; sourceTree = "<group>"; };
		595B03AE21FE0C6900DD4D68 /* CollectionViewCell2.swift */ = {isa = PBXFileReference; lastKnownFileType = sourcecode.swift; path = CollectionViewCell2.swift; sourceTree = "<group>"; };
		59BA6C6821FE84E3001AF2B1 /* TableViewCell3.swift */ = {isa = PBXFileReference; lastKnownFileType = sourcecode.swift; path = TableViewCell3.swift; sourceTree = "<group>"; };
		59BA6C6A21FE8504001AF2B1 /* CollectionViewCell3.swift */ = {isa = PBXFileReference; lastKnownFileType = sourcecode.swift; path = CollectionViewCell3.swift; sourceTree = "<group>"; };
		59BA6C6C21FEC01C001AF2B1 /* Data.swift */ = {isa = PBXFileReference; lastKnownFileType = sourcecode.swift; path = Data.swift; sourceTree = "<group>"; };
		59BA6C6E21FF05C7001AF2B1 /* YellowViewController.swift */ = {isa = PBXFileReference; lastKnownFileType = sourcecode.swift; path = YellowViewController.swift; sourceTree = "<group>"; };
		59BA6C74220076C9001AF2B1 /* TempViewController.swift */ = {isa = PBXFileReference; lastKnownFileType = sourcecode.swift; path = TempViewController.swift; sourceTree = "<group>"; };
/* End PBXFileReference section */

/* Begin PBXFrameworksBuildPhase section */
		595B039021FDDF7F00DD4D68 /* Frameworks */ = {
			isa = PBXFrameworksBuildPhase;
			buildActionMask = 2147483647;
			files = (
			);
			runOnlyForDeploymentPostprocessing = 0;
		};
/* End PBXFrameworksBuildPhase section */

/* Begin PBXGroup section */
		595B038A21FDDF7F00DD4D68 = {
			isa = PBXGroup;
			children = (
				595B039521FDDF7F00DD4D68 /* collectionviews_in_tableview */,
				595B039421FDDF7F00DD4D68 /* Products */,
			);
			sourceTree = "<group>";
		};
		595B039421FDDF7F00DD4D68 /* Products */ = {
			isa = PBXGroup;
			children = (
				595B039321FDDF7F00DD4D68 /* collectionviews_in_tableview.app */,
			);
			name = Products;
			sourceTree = "<group>";
		};
		595B039521FDDF7F00DD4D68 /* collectionviews_in_tableview */ = {
			isa = PBXGroup;
			children = (
				595B039621FDDF7F00DD4D68 /* AppDelegate.swift */,
				595B039821FDDF7F00DD4D68 /* ViewController.swift */,
				595B039A21FDDF7F00DD4D68 /* Main.storyboard */,
				595B039D21FDDF8000DD4D68 /* Assets.xcassets */,
				595B039F21FDDF8000DD4D68 /* LaunchScreen.storyboard */,
				595B03A221FDDF8000DD4D68 /* Info.plist */,
				595B03A821FDF37A00DD4D68 /* MainTableViewCell.swift */,
				595B03AA21FDF76A00DD4D68 /* CollectionViewCell1.swift */,
				595B03AC21FE0AFA00DD4D68 /* TableViewCell2.swift */,
				595B03AE21FE0C6900DD4D68 /* CollectionViewCell2.swift */,
				59BA6C6821FE84E3001AF2B1 /* TableViewCell3.swift */,
				59BA6C6A21FE8504001AF2B1 /* CollectionViewCell3.swift */,
				59BA6C6C21FEC01C001AF2B1 /* Data.swift */,
				59BA6C6E21FF05C7001AF2B1 /* YellowViewController.swift */,
				59BA6C74220076C9001AF2B1 /* TempViewController.swift */,
			);
			path = collectionviews_in_tableview;
			sourceTree = "<group>";
		};
/* End PBXGroup section */

/* Begin PBXNativeTarget section */
		595B039221FDDF7F00DD4D68 /* collectionviews_in_tableview */ = {
			isa = PBXNativeTarget;
			buildConfigurationList = 595B03A521FDDF8000DD4D68 /* Build configuration list for PBXNativeTarget "collectionviews_in_tableview" */;
			buildPhases = (
				595B038F21FDDF7F00DD4D68 /* Sources */,
				595B039021FDDF7F00DD4D68 /* Frameworks */,
				595B039121FDDF7F00DD4D68 /* Resources */,
			);
			buildRules = (
			);
			dependencies = (
			);
			name = collectionviews_in_tableview;
			productName = collectionviews_in_tableview;
			productReference = 595B039321FDDF7F00DD4D68 /* collectionviews_in_tableview.app */;
			productType = "com.apple.product-type.application";
		};
/* End PBXNativeTarget section */

/* Begin PBXProject section */
		595B038B21FDDF7F00DD4D68 /* Project object */ = {
			isa = PBXProject;
			attributes = {
				LastSwiftUpdateCheck = 1010;
				LastUpgradeCheck = 1010;
				ORGANIZATIONNAME = "Rian Sanjaya Ng";
				TargetAttributes = {
					595B039221FDDF7F00DD4D68 = {
						CreatedOnToolsVersion = 10.1;
					};
				};
			};
			buildConfigurationList = 595B038E21FDDF7F00DD4D68 /* Build configuration list for PBXProject "collectionviews_in_tableview" */;
			compatibilityVersion = "Xcode 9.3";
			developmentRegion = en;
			hasScannedForEncodings = 0;
			knownRegions = (
				en,
				Base,
			);
			mainGroup = 595B038A21FDDF7F00DD4D68;
			productRefGroup = 595B039421FDDF7F00DD4D68 /* Products */;
			projectDirPath = "";
			projectRoot = "";
			targets = (
				595B039221FDDF7F00DD4D68 /* collectionviews_in_tableview */,
			);
		};
/* End PBXProject section */

/* Begin PBXResourcesBuildPhase section */
		595B039121FDDF7F00DD4D68 /* Resources */ = {
			isa = PBXResourcesBuildPhase;
			buildActionMask = 2147483647;
			files = (
				595B03A121FDDF8000DD4D68 /* LaunchScreen.storyboard in Resources */,
				595B039E21FDDF8000DD4D68 /* Assets.xcassets in Resources */,
				595B039C21FDDF7F00DD4D68 /* Main.storyboard in Resources */,
			);
			runOnlyForDeploymentPostprocessing = 0;
		};
/* End PBXResourcesBuildPhase section */

/* Begin PBXSourcesBuildPhase section */
		595B038F21FDDF7F00DD4D68 /* Sources */ = {
			isa = PBXSourcesBuildPhase;
			buildActionMask = 2147483647;
			files = (
				595B03AD21FE0AFA00DD4D68 /* TableViewCell2.swift in Sources */,
				595B03AB21FDF76A00DD4D68 /* CollectionViewCell1.swift in Sources */,
				59BA6C6921FE84E3001AF2B1 /* TableViewCell3.swift in Sources */,
				595B039921FDDF7F00DD4D68 /* ViewController.swift in Sources */,
				59BA6C6F21FF05C7001AF2B1 /* YellowViewController.swift in Sources */,
				59BA6C75220076C9001AF2B1 /* TempViewController.swift in Sources */,
				595B03AF21FE0C6900DD4D68 /* CollectionViewCell2.swift in Sources */,
				595B03A921FDF37A00DD4D68 /* MainTableViewCell.swift in Sources */,
				59BA6C6B21FE8504001AF2B1 /* CollectionViewCell3.swift in Sources */,
				59BA6C6D21FEC01C001AF2B1 /* Data.swift in Sources */,
				595B039721FDDF7F00DD4D68 /* AppDelegate.swift in Sources */,
			);
			runOnlyForDeploymentPostprocessing = 0;
		};
/* End PBXSourcesBuildPhase section */

/* Begin PBXVariantGroup section */
		595B039A21FDDF7F00DD4D68 /* Main.storyboard */ = {
			isa = PBXVariantGroup;
			children = (
				595B039B21FDDF7F00DD4D68 /* Base */,
			);
			name = Main.storyboard;
			sourceTree = "<group>";
		};
		595B039F21FDDF8000DD4D68 /* LaunchScreen.storyboard */ = {
			isa = PBXVariantGroup;
			children = (
				595B03A021FDDF8000DD4D68 /* Base */,
			);
			name = LaunchScreen.storyboard;
			sourceTree = "<group>";
		};
/* End PBXVariantGroup section */

/* Begin XCBuildConfiguration section */
		595B03A321FDDF8000DD4D68 /* Debug */ = {
			isa = XCBuildConfiguration;
			buildSettings = {
				ALWAYS_SEARCH_USER_PATHS = NO;
				CLANG_ANALYZER_NONNULL = YES;
				CLANG_ANALYZER_NUMBER_OBJECT_CONVERSION = YES_AGGRESSIVE;
				CLANG_CXX_LANGUAGE_STANDARD = "gnu++14";
				CLANG_CXX_LIBRARY = "libc++";
				CLANG_ENABLE_MODULES = YES;
				CLANG_ENABLE_OBJC_ARC = YES;
				CLANG_ENABLE_OBJC_WEAK = YES;
				CLANG_WARN_BLOCK_CAPTURE_AUTORELEASING = YES;
				CLANG_WARN_BOOL_CONVERSION = YES;
				CLANG_WARN_COMMA = YES;
				CLANG_WARN_CONSTANT_CONVERSION = YES;
				CLANG_WARN_DEPRECATED_OBJC_IMPLEMENTATIONS = YES;
				CLANG_WARN_DIRECT_OBJC_ISA_USAGE = YES_ERROR;
				CLANG_WARN_DOCUMENTATION_COMMENTS = YES;
				CLANG_WARN_EMPTY_BODY = YES;
				CLANG_WARN_ENUM_CONVERSION = YES;
				CLANG_WARN_INFINITE_RECURSION = YES;
				CLANG_WARN_INT_CONVERSION = YES;
				CLANG_WARN_NON_LITERAL_NULL_CONVERSION = YES;
				CLANG_WARN_OBJC_IMPLICIT_RETAIN_SELF = YES;
				CLANG_WARN_OBJC_LITERAL_CONVERSION = YES;
				CLANG_WARN_OBJC_ROOT_CLASS = YES_ERROR;
				CLANG_WARN_RANGE_LOOP_ANALYSIS = YES;
				CLANG_WARN_STRICT_PROTOTYPES = YES;
				CLANG_WARN_SUSPICIOUS_MOVE = YES;
				CLANG_WARN_UNGUARDED_AVAILABILITY = YES_AGGRESSIVE;
				CLANG_WARN_UNREACHABLE_CODE = YES;
				CLANG_WARN__DUPLICATE_METHOD_MATCH = YES;
				CODE_SIGN_IDENTITY = "iPhone Developer";
				COPY_PHASE_STRIP = NO;
				DEBUG_INFORMATION_FORMAT = dwarf;
				ENABLE_STRICT_OBJC_MSGSEND = YES;
				ENABLE_TESTABILITY = YES;
				GCC_C_LANGUAGE_STANDARD = gnu11;
				GCC_DYNAMIC_NO_PIC = NO;
				GCC_NO_COMMON_BLOCKS = YES;
				GCC_OPTIMIZATION_LEVEL = 0;
				GCC_PREPROCESSOR_DEFINITIONS = (
					"DEBUG=1",
					"$(inherited)",
				);
				GCC_WARN_64_TO_32_BIT_CONVERSION = YES;
				GCC_WARN_ABOUT_RETURN_TYPE = YES_ERROR;
				GCC_WARN_UNDECLARED_SELECTOR = YES;
				GCC_WARN_UNINITIALIZED_AUTOS = YES_AGGRESSIVE;
				GCC_WARN_UNUSED_FUNCTION = YES;
				GCC_WARN_UNUSED_VARIABLE = YES;
				IPHONEOS_DEPLOYMENT_TARGET = 12.1;
				MTL_ENABLE_DEBUG_INFO = INCLUDE_SOURCE;
				MTL_FAST_MATH = YES;
				ONLY_ACTIVE_ARCH = YES;
				SDKROOT = iphoneos;
				SWIFT_ACTIVE_COMPILATION_CONDITIONS = DEBUG;
				SWIFT_OPTIMIZATION_LEVEL = "-Onone";
			};
			name = Debug;
		};
		595B03A421FDDF8000DD4D68 /* Release */ = {
			isa = XCBuildConfiguration;
			buildSettings = {
				ALWAYS_SEARCH_USER_PATHS = NO;
				CLANG_ANALYZER_NONNULL = YES;
				CLANG_ANALYZER_NUMBER_OBJECT_CONVERSION = YES_AGGRESSIVE;
				CLANG_CXX_LANGUAGE_STANDARD = "gnu++14";
				CLANG_CXX_LIBRARY = "libc++";
				CLANG_ENABLE_MODULES = YES;
				CLANG_ENABLE_OBJC_ARC = YES;
				CLANG_ENABLE_OBJC_WEAK = YES;
				CLANG_WARN_BLOCK_CAPTURE_AUTORELEASING = YES;
				CLANG_WARN_BOOL_CONVERSION = YES;
				CLANG_WARN_COMMA = YES;
				CLANG_WARN_CONSTANT_CONVERSION = YES;
				CLANG_WARN_DEPRECATED_OBJC_IMPLEMENTATIONS = YES;
				CLANG_WARN_DIRECT_OBJC_ISA_USAGE = YES_ERROR;
				CLANG_WARN_DOCUMENTATION_COMMENTS = YES;
				CLANG_WARN_EMPTY_BODY = YES;
				CLANG_WARN_ENUM_CONVERSION = YES;
				CLANG_WARN_INFINITE_RECURSION = YES;
				CLANG_WARN_INT_CONVERSION = YES;
				CLANG_WARN_NON_LITERAL_NULL_CONVERSION = YES;
				CLANG_WARN_OBJC_IMPLICIT_RETAIN_SELF = YES;
				CLANG_WARN_OBJC_LITERAL_CONVERSION = YES;
				CLANG_WARN_OBJC_ROOT_CLASS = YES_ERROR;
				CLANG_WARN_RANGE_LOOP_ANALYSIS = YES;
				CLANG_WARN_STRICT_PROTOTYPES = YES;
				CLANG_WARN_SUSPICIOUS_MOVE = YES;
				CLANG_WARN_UNGUARDED_AVAILABILITY = YES_AGGRESSIVE;
				CLANG_WARN_UNREACHABLE_CODE = YES;
				CLANG_WARN__DUPLICATE_METHOD_MATCH = YES;
				CODE_SIGN_IDENTITY = "iPhone Developer";
				COPY_PHASE_STRIP = NO;
				DEBUG_INFORMATION_FORMAT = "dwarf-with-dsym";
				ENABLE_NS_ASSERTIONS = NO;
				ENABLE_STRICT_OBJC_MSGSEND = YES;
				GCC_C_LANGUAGE_STANDARD = gnu11;
				GCC_NO_COMMON_BLOCKS = YES;
				GCC_WARN_64_TO_32_BIT_CONVERSION = YES;
				GCC_WARN_ABOUT_RETURN_TYPE = YES_ERROR;
				GCC_WARN_UNDECLARED_SELECTOR = YES;
				GCC_WARN_UNINITIALIZED_AUTOS = YES_AGGRESSIVE;
				GCC_WARN_UNUSED_FUNCTION = YES;
				GCC_WARN_UNUSED_VARIABLE = YES;
				IPHONEOS_DEPLOYMENT_TARGET = 12.1;
				MTL_ENABLE_DEBUG_INFO = NO;
				MTL_FAST_MATH = YES;
				SDKROOT = iphoneos;
				SWIFT_COMPILATION_MODE = wholemodule;
				SWIFT_OPTIMIZATION_LEVEL = "-O";
				VALIDATE_PRODUCT = YES;
			};
			name = Release;
		};
		595B03A621FDDF8000DD4D68 /* Debug */ = {
			isa = XCBuildConfiguration;
			buildSettings = {
				ASSETCATALOG_COMPILER_APPICON_NAME = AppIcon;
				CODE_SIGN_STYLE = Automatic;
				DEVELOPMENT_TEAM = 343LQ4BU9Z;
				INFOPLIST_FILE = collectionviews_in_tableview/Info.plist;
				LD_RUNPATH_SEARCH_PATHS = (
					"$(inherited)",
					"@executable_path/Frameworks",
				);
				PRODUCT_BUNDLE_IDENTIFIER = "riansanjayang.collectionviews-in-tableview";
				PRODUCT_NAME = "$(TARGET_NAME)";
				SWIFT_VERSION = 4.2;
				TARGETED_DEVICE_FAMILY = "1,2";
			};
			name = Debug;
		};
		595B03A721FDDF8000DD4D68 /* Release */ = {
			isa = XCBuildConfiguration;
			buildSettings = {
				ASSETCATALOG_COMPILER_APPICON_NAME = AppIcon;
				CODE_SIGN_STYLE = Automatic;
				DEVELOPMENT_TEAM = 343LQ4BU9Z;
				INFOPLIST_FILE = collectionviews_in_tableview/Info.plist;
				LD_RUNPATH_SEARCH_PATHS = (
					"$(inherited)",
					"@executable_path/Frameworks",
				);
				PRODUCT_BUNDLE_IDENTIFIER = "riansanjayang.collectionviews-in-tableview";
				PRODUCT_NAME = "$(TARGET_NAME)";
				SWIFT_VERSION = 4.2;
				TARGETED_DEVICE_FAMILY = "1,2";
			};
			name = Release;
		};
/* End XCBuildConfiguration section */

/* Begin XCConfigurationList section */
		595B038E21FDDF7F00DD4D68 /* Build configuration list for PBXProject "collectionviews_in_tableview" */ = {
			isa = XCConfigurationList;
			buildConfigurations = (
				595B03A321FDDF8000DD4D68 /* Debug */,
				595B03A421FDDF8000DD4D68 /* Release */,
			);
			defaultConfigurationIsVisible = 0;
			defaultConfigurationName = Release;
		};
		595B03A521FDDF8000DD4D68 /* Build configuration list for PBXNativeTarget "collectionviews_in_tableview" */ = {
			isa = XCConfigurationList;
			buildConfigurations = (
				595B03A621FDDF8000DD4D68 /* Debug */,
				595B03A721FDDF8000DD4D68 /* Release */,
			);
			defaultConfigurationIsVisible = 0;
			defaultConfigurationName = Release;
		};
/* End XCConfigurationList section */
	};
	rootObject = 595B038B21FDDF7F00DD4D68 /* Project object */;
}
